{
  "_meta": {
    "file-type": "spack-lockfile",
    "lockfile-version": 4,
    "specfile-version": 3
  },
  "roots": [
    {
      "hash": "kez7pnvz76bumfiht3jvtce2zlavaifq",
      "spec": "sentencepiece~gperftools"
    }
  ],
  "concrete_specs": {
    "kez7pnvz76bumfiht3jvtce2zlavaifq": {
      "name": "sentencepiece",
      "version": "0.1.97",
      "arch": {
        "platform": "linux",
        "platform_os": "ubuntu20.04",
        "target": {
          "name": "icelake",
          "vendor": "GenuineIntel",
          "features": [
            "adx",
            "aes",
            "avx",
            "avx2",
            "avx512_bitalg",
            "avx512_vbmi2",
            "avx512_vnni",
            "avx512_vpopcntdq",
            "avx512bw",
            "avx512cd",
            "avx512dq",
            "avx512f",
            "avx512ifma",
            "avx512vbmi",
            "avx512vl",
            "bmi1",
            "bmi2",
            "clflushopt",
            "clwb",
            "f16c",
            "fma",
            "gfni",
            "mmx",
            "movbe",
            "pclmulqdq",
            "popcnt",
            "rdpid",
            "rdrand",
            "rdseed",
            "sha_ni",
            "sse",
            "sse2",
            "sse4_1",
            "sse4_2",
            "ssse3",
            "vaes",
            "vpclmulqdq",
            "xsavec",
            "xsaveopt"
          ],
          "generation": 0,
          "parents": [
            "cascadelake",
            "cannonlake"
          ]
        }
      },
      "compiler": {
        "name": "gcc",
        "version": "9.4.0"
      },
      "namespace": "shitty-novelist",
      "parameters": {
        "build_system": "cmake",
        "build_type": "RelWithDebInfo",
        "gperftools": false,
        "ipo": false,
        "cflags": [],
        "cppflags": [],
        "cxxflags": [],
        "fflags": [],
        "ldflags": [],
        "ldlibs": []
      },
      "package_hash": "b225ynuxwsdqrivdr6gcymbrl64i7yvfdjhs77etb3qbzexyferq====",
      "dependencies": [
        {
          "name": "cmake",
          "hash": "t2oezqmsbpqcttkvteynulmbzir6mk3a",
          "type": [
            "build"
          ]
        }
      ],
      "hash": "kez7pnvz76bumfiht3jvtce2zlavaifq"
    },
    "t2oezqmsbpqcttkvteynulmbzir6mk3a": {
      "name": "cmake",
      "version": "3.16.3",
      "arch": {
        "platform": "linux",
        "platform_os": "ubuntu20.04",
        "target": {
          "name": "icelake",
          "vendor": "GenuineIntel",
          "features": [
            "adx",
            "aes",
            "avx",
            "avx2",
            "avx512_bitalg",
            "avx512_vbmi2",
            "avx512_vnni",
            "avx512_vpopcntdq",
            "avx512bw",
            "avx512cd",
            "avx512dq",
            "avx512f",
            "avx512ifma",
            "avx512vbmi",
            "avx512vl",
            "bmi1",
            "bmi2",
            "clflushopt",
            "clwb",
            "f16c",
            "fma",
            "gfni",
            "mmx",
            "movbe",
            "pclmulqdq",
            "popcnt",
            "rdpid",
            "rdrand",
            "rdseed",
            "sha_ni",
            "sse",
            "sse2",
            "sse4_1",
            "sse4_2",
            "ssse3",
            "vaes",
            "vpclmulqdq",
            "xsavec",
            "xsaveopt"
          ],
          "generation": 0,
          "parents": [
            "cascadelake",
            "cannonlake"
          ]
        }
      },
      "compiler": {
        "name": "gcc",
        "version": "9.4.0"
      },
      "namespace": "builtin",
      "parameters": {
        "build_system": "generic",
        "build_type": "Release",
        "doc": false,
        "ncurses": true,
        "ownlibs": true,
        "patches": [
          "1c540040c7e203dd8e27aa20345ecb07fe06570d56410a24a266ae570b1c4c39",
          "bf695e3febb222da2ed94b3beea600650e4318975da90e4a71d6f31a6d5d8c3d"
        ],
        "qt": false,
        "cflags": [],
        "cppflags": [],
        "cxxflags": [],
        "fflags": [],
        "ldflags": [],
        "ldlibs": []
      },
      "external": {
        "path": "/usr",
        "module": null,
        "extra_attributes": {}
      },
      "patches": [
        "1c540040c7e203dd8e27aa20345ecb07fe06570d56410a24a266ae570b1c4c39",
        "bf695e3febb222da2ed94b3beea600650e4318975da90e4a71d6f31a6d5d8c3d"
      ],
      "package_hash": "pcvjnxdlrb323s4xe2uhhwpt2pax3cu37qdktrtvnbhm7m4mbm4a====",
      "hash": "t2oezqmsbpqcttkvteynulmbzir6mk3a"
    }
  }
}